
Microsoft Visual Studio Solution File, Format Version 12.00
# Visual Studio Version 16
VisualStudioVersion = 16.0.29025.244
MinimumVisualStudioVersion = 10.0.40219.1
Project("{FAE04EC0-301F-11D3-BF4B-00C04F79EFBC}") = "MyShop.Core", "MyShop.Core\MyShop.Core.csproj", "{B40A25C2-AC2D-4E91-A227-8CED56D14D71}"
EndProject
Project("{FAE04EC0-301F-11D3-BF4B-00C04F79EFBC}") = "MyShop.Services", "MyShop.Services\MyShop.Services.csproj", "{878FC01F-A844-4260-A60D-8E5BF7E20D50}"
EndProject
Project("{FAE04EC0-301F-11D3-BF4B-00C04F79EFBC}") = "MyShop.DataAccess.SQL", "MyShop.DataAccess.SQL\MyShop.DataAccess.SQL.csproj", "{8BD13986-EB14-4AD1-B640-C4E055A3CD53}"
EndProject
Project("{FAE04EC0-301F-11D3-BF4B-00C04F79EFBC}") = "MyShop.DataAccess.InMemory", "MyShop.DataAccess.InMemory\MyShop.DataAccess.InMemory.csproj", "{453F7860-CA85-4437-BB65-B6B8A43C8DB9}"
EndProject
Project("{FAE04EC0-301F-11D3-BF4B-00C04F79EFBC}") = "MyShop.WebUI", "MyShop.WebUI\MyShop.WebUI.csproj", "{352DCDE2-C34D-4986-84C4-797F967555EC}"
EndProject
Project("{FAE04EC0-301F-11D3-BF4B-00C04F79EFBC}") = "MyShop.WebUI.Tests", "MyShop.WebUI.Tests\MyShop.WebUI.Tests.csproj", "{8E8EF674-0D07-4AD1-AC46-3168E4C20FFE}"
EndProject
Global
	GlobalSection(SolutionConfigurationPlatforms) = preSolution
		Debug|Any CPU = Debug|Any CPU
		Release|Any CPU = Release|Any CPU
	EndGlobalSection
	GlobalSection(ProjectConfigurationPlatforms) = postSolution
		{B40A25C2-AC2D-4E91-A227-8CED56D14D71}.Debug|Any CPU.ActiveCfg = Debug|Any CPU
		{B40A25C2-AC2D-4E91-A227-8CED56D14D71}.Debug|Any CPU.Build.0 = Debug|Any CPU
		{B40A25C2-AC2D-4E91-A227-8CED56D14D71}.Release|Any CPU.ActiveCfg = Release|Any CPU
		{B40A25C2-AC2D-4E91-A227-8CED56D14D71}.Release|Any CPU.Build.0 = Release|Any CPU
		{878FC01F-A844-4260-A60D-8E5BF7E20D50}.Debug|Any CPU.ActiveCfg = Debug|Any CPU
		{878FC01F-A844-4260-A60D-8E5BF7E20D50}.Debug|Any CPU.Build.0 = Debug|Any CPU
		{878FC01F-A844-4260-A60D-8E5BF7E20D50}.Release|Any CPU.ActiveCfg = Release|Any CPU
		{878FC01F-A844-4260-A60D-8E5BF7E20D50}.Release|Any CPU.Build.0 = Release|Any CPU
		{8BD13986-EB14-4AD1-B640-C4E055A3CD53}.Debug|Any CPU.ActiveCfg = Debug|Any CPU
		{8BD13986-EB14-4AD1-B640-C4E055A3CD53}.Debug|Any CPU.Build.0 = Debug|Any CPU
		{8BD13986-EB14-4AD1-B640-C4E055A3CD53}.Release|Any CPU.ActiveCfg = Release|Any CPU
		{8BD13986-EB14-4AD1-B640-C4E055A3CD53}.Release|Any CPU.Build.0 = Release|Any CPU
		{453F7860-CA85-4437-BB65-B6B8A43C8DB9}.Debug|Any CPU.ActiveCfg = Debug|Any CPU
		{453F7860-CA85-4437-BB65-B6B8A43C8DB9}.Debug|Any CPU.Build.0 = Debug|Any CPU
		{453F7860-CA85-4437-BB65-B6B8A43C8DB9}.Release|Any CPU.ActiveCfg = Release|Any CPU
		{453F7860-CA85-4437-BB65-B6B8A43C8DB9}.Release|Any CPU.Build.0 = Release|Any CPU
		{352DCDE2-C34D-4986-84C4-797F967555EC}.Debug|Any CPU.ActiveCfg = Debug|Any CPU
		{352DCDE2-C34D-4986-84C4-797F967555EC}.Debug|Any CPU.Build.0 = Debug|Any CPU
		{352DCDE2-C34D-4986-84C4-797F967555EC}.Release|Any CPU.ActiveCfg = Release|Any CPU
		{352DCDE2-C34D-4986-84C4-797F967555EC}.Release|Any CPU.Build.0 = Release|Any CPU
		{8E8EF674-0D07-4AD1-AC46-3168E4C20FFE}.Debug|Any CPU.ActiveCfg = Debug|Any CPU
		{8E8EF674-0D07-4AD1-AC46-3168E4C20FFE}.Debug|Any CPU.Build.0 = Debug|Any CPU
		{8E8EF674-0D07-4AD1-AC46-3168E4C20FFE}.Release|Any CPU.ActiveCfg = Release|Any CPU
		{8E8EF674-0D07-4AD1-AC46-3168E4C20FFE}.Release|Any CPU.Build.0 = Release|Any CPU
	EndGlobalSection
	GlobalSection(SolutionProperties) = preSolution
		HideSolutionNode = FALSE
	EndGlobalSection
	GlobalSection(ExtensibilityGlobals) = postSolution
		SolutionGuid = {646CF77E-C199-42BA-B9A1-409B21A49D8A}
	EndGlobalSection
EndGlobal
